# Code generated by scarb DO NOT EDIT.
version = 1

[[package]]
name = "karst"
version = "0.1.0"
dependencies = [
 "openzeppelin",
 "snforge_std",
 "token_bound_accounts",
]

[[package]]
name = "openzeppelin"
version = "0.11.0"
source = "git+https://github.com/OpenZeppelin/cairo-contracts.git?tag=v0.11.0#a83f36b23f1af6e160288962be4a2701c3ecbcda"

[[package]]
name = "snforge_std"
version = "0.22.0"
source = "git+https://github.com/foundry-rs/starknet-foundry?tag=v0.22.0#9b215944c6c5871c738381b4ded61bbf06e7ba35"

[[package]]
name = "token_bound_accounts"
version = "0.3.0"
source = "git+https://github.com/Starknet-Africa-Edu/TBA.git#1f8b5e3c45422fb188ef2cf874b46d02f642973b"
